{
  "name": "insnc-3.0",
  "lockfileVersion": 3,
  "requires": true,
  "packages": {
    "": {
      "devDependencies": {
        "vercel-php": "^0.0.3"
      }
    },
    "node_modules/@libphp/amazon-linux-2-v74": {
      "version": "0.0.5",
      "resolved": "https://registry.npmjs.org/@libphp/amazon-linux-2-v74/-/amazon-linux-2-v74-0.0.5.tgz",
      "integrity": "sha512-z9+iSWtEQFz0xjHrjA+UaiwUsd21DM5u+noT+gAJZvwuWsQ7bugIpHrAPY/IepdfRVdx/+Sy5AaDsmz+tEswQQ==",
      "dev": true,
      "license": "MIT"
    },
    "node_modules/vercel-php": {
      "version": "0.0.3",
      "resolved": "https://registry.npmjs.org/vercel-php/-/vercel-php-0.0.3.tgz",
      "integrity": "sha512-vTZNOnrvNiYKvC9/OovBFOWUbrktSSN08UAYPg6vjiKY1yCwZT0fFPKIfGnF7/Y51SZNDsqWQpWeu2RqWqbk8g==",
      "dev": true,
      "license": "MIT",
      "dependencies": {
        "@libphp/amazon-linux-2-v74": "0.0.5"
      }
    }
  }
}
